
Microsoft Visual Studio Solution File, Format Version 12.00
# Visual Studio Express 15 for Windows Desktop
VisualStudioVersion = 15.0.28307.1062
MinimumVisualStudioVersion = 10.0.40219.1
Project("{F184B08F-C81C-45F6-A57F-5ABD9991F28F}") = "Metrixfest", "Metrixfest\Metrixfest.vbproj", "{C5FFB0A2-8813-4D0E-ACE8-1C7314F488CC}"
EndProject
Global
	GlobalSection(SolutionConfigurationPlatforms) = preSolution
		Debug|Any CPU = Debug|Any CPU
		Release|Any CPU = Release|Any CPU
	EndGlobalSection
	GlobalSection(ProjectConfigurationPlatforms) = postSolution
		{C5FFB0A2-8813-4D0E-ACE8-1C7314F488CC}.Debug|Any CPU.ActiveCfg = Debug|Any CPU
		{C5FFB0A2-8813-4D0E-ACE8-1C7314F488CC}.Debug|Any CPU.Build.0 = Debug|Any CPU
		{C5FFB0A2-8813-4D0E-ACE8-1C7314F488CC}.Release|Any CPU.ActiveCfg = Release|Any CPU
		{C5FFB0A2-8813-4D0E-ACE8-1C7314F488CC}.Release|Any CPU.Build.0 = Release|Any CPU
	EndGlobalSection
	GlobalSection(SolutionProperties) = preSolution
		HideSolutionNode = FALSE
	EndGlobalSection
	GlobalSection(ExtensibilityGlobals) = postSolution
		SolutionGuid = {3549B4FE-A525-4634-B4BE-F8B348C6DCDE}
	EndGlobalSection
EndGlobal
